
Microsoft Visual Studio Solution File, Format Version 12.00
# Visual Studio Version 17
VisualStudioVersion = 17.5.33414.496
MinimumVisualStudioVersion = 10.0.40219.1
Project("{9A19103F-16F7-4668-BE54-9A1E7A4F7556}") = "Authentication", "Authentication\Authentication.csproj", "{F5FDC7BD-4D5D-440C-8293-8396C8BBFC20}"
EndProject
Project("{2150E333-8FDC-42A3-9474-1A3956D46DE8}") = "Application", "Application", "{3DE5A140-606C-4FDF-BBD9-008E666498EE}"
EndProject
Project("{9A19103F-16F7-4668-BE54-9A1E7A4F7556}") = "Core", "Application\Core\Core.csproj", "{5861BCBC-4B5D-4C5A-AF83-EDC4D6557517}"
EndProject
Project("{9A19103F-16F7-4668-BE54-9A1E7A4F7556}") = "Controller.Models", "Application\Controller.Models\Controller.Models.csproj", "{B630948D-9AEE-4A8B-9EFD-55B91E22108F}"
EndProject
Project("{9A19103F-16F7-4668-BE54-9A1E7A4F7556}") = "Repositories.Rules", "Application\Repositories.Rules\Repositories.Rules.csproj", "{1EC9BF24-0FF3-4923-AC6B-764AD41EFF2F}"
EndProject
Project("{9A19103F-16F7-4668-BE54-9A1E7A4F7556}") = "Dtos", "Application\Dtos\Dtos.csproj", "{3EFE9284-D088-4A8C-8C06-935764A7D882}"
EndProject
Project("{9A19103F-16F7-4668-BE54-9A1E7A4F7556}") = "Database", "Application\Database\Database.csproj", "{6DFE2B2B-CF63-4890-B280-BD71958E2CFD}"
EndProject
Project("{9A19103F-16F7-4668-BE54-9A1E7A4F7556}") = "Exceptions", "Application\Exceptions\Exceptions.csproj", "{DE0C4BCC-2B4F-40E9-ABA1-DB4884E886F8}"
EndProject
Project("{9A19103F-16F7-4668-BE54-9A1E7A4F7556}") = "Extensions", "Application\Extensions\Extensions.csproj", "{6D5595B6-97ED-4082-8668-48C82A7B2F10}"
EndProject
Project("{9A19103F-16F7-4668-BE54-9A1E7A4F7556}") = "Library", "Application\Library\Library.csproj", "{CB0B135D-D593-4CCF-B33D-55201CEF2AE1}"
EndProject
Project("{9A19103F-16F7-4668-BE54-9A1E7A4F7556}") = "Models", "Application\Models\Models.csproj", "{DC380C96-C8A9-4907-BEFA-25D9CC725CDD}"
EndProject
Project("{9A19103F-16F7-4668-BE54-9A1E7A4F7556}") = "Repositories", "Application\Repositories\Repositories.csproj", "{F1269F4C-E84D-4FE8-B843-A50CF9B14FFD}"
EndProject
Project("{9A19103F-16F7-4668-BE54-9A1E7A4F7556}") = "Security", "Application\Security\Security.csproj", "{415935AC-00D9-45BE-9590-4931D4D048A5}"
EndProject
Project("{9A19103F-16F7-4668-BE54-9A1E7A4F7556}") = "Services", "Application\Services\Services.csproj", "{2E88100A-9EDB-4C3A-B0EB-B007B80558C2}"
EndProject
Project("{9A19103F-16F7-4668-BE54-9A1E7A4F7556}") = "Middleware", "Application\Middleware\Middleware.csproj", "{3ACF6C37-1052-42AA-A0B7-DE283D2A7D91}"
EndProject
Project("{9A19103F-16F7-4668-BE54-9A1E7A4F7556}") = "Interfaces", "Application\Interfaces\Interfaces.csproj", "{9D711209-F34A-47E3-BBB7-F6CCD233C8BF}"
EndProject
Project("{FAE04EC0-301F-11D3-BF4B-00C04F79EFBC}") = "Authentication.Controllers", "Authentication.Controllers\Authentication.Controllers.csproj", "{511F0A2B-BD6E-436A-92D2-D685C68390DD}"
EndProject
Global
	GlobalSection(SolutionConfigurationPlatforms) = preSolution
		Debug|Any CPU = Debug|Any CPU
		Release|Any CPU = Release|Any CPU
	EndGlobalSection
	GlobalSection(ProjectConfigurationPlatforms) = postSolution
		{F5FDC7BD-4D5D-440C-8293-8396C8BBFC20}.Debug|Any CPU.ActiveCfg = Debug|Any CPU
		{F5FDC7BD-4D5D-440C-8293-8396C8BBFC20}.Debug|Any CPU.Build.0 = Debug|Any CPU
		{F5FDC7BD-4D5D-440C-8293-8396C8BBFC20}.Release|Any CPU.ActiveCfg = Release|Any CPU
		{F5FDC7BD-4D5D-440C-8293-8396C8BBFC20}.Release|Any CPU.Build.0 = Release|Any CPU
		{5861BCBC-4B5D-4C5A-AF83-EDC4D6557517}.Debug|Any CPU.ActiveCfg = Debug|Any CPU
		{5861BCBC-4B5D-4C5A-AF83-EDC4D6557517}.Debug|Any CPU.Build.0 = Debug|Any CPU
		{5861BCBC-4B5D-4C5A-AF83-EDC4D6557517}.Release|Any CPU.ActiveCfg = Release|Any CPU
		{5861BCBC-4B5D-4C5A-AF83-EDC4D6557517}.Release|Any CPU.Build.0 = Release|Any CPU
		{B630948D-9AEE-4A8B-9EFD-55B91E22108F}.Debug|Any CPU.ActiveCfg = Debug|Any CPU
		{B630948D-9AEE-4A8B-9EFD-55B91E22108F}.Debug|Any CPU.Build.0 = Debug|Any CPU
		{B630948D-9AEE-4A8B-9EFD-55B91E22108F}.Release|Any CPU.ActiveCfg = Release|Any CPU
		{B630948D-9AEE-4A8B-9EFD-55B91E22108F}.Release|Any CPU.Build.0 = Release|Any CPU
		{1EC9BF24-0FF3-4923-AC6B-764AD41EFF2F}.Debug|Any CPU.ActiveCfg = Debug|Any CPU
		{1EC9BF24-0FF3-4923-AC6B-764AD41EFF2F}.Debug|Any CPU.Build.0 = Debug|Any CPU
		{1EC9BF24-0FF3-4923-AC6B-764AD41EFF2F}.Release|Any CPU.ActiveCfg = Release|Any CPU
		{1EC9BF24-0FF3-4923-AC6B-764AD41EFF2F}.Release|Any CPU.Build.0 = Release|Any CPU
		{3EFE9284-D088-4A8C-8C06-935764A7D882}.Debug|Any CPU.ActiveCfg = Debug|Any CPU
		{3EFE9284-D088-4A8C-8C06-935764A7D882}.Debug|Any CPU.Build.0 = Debug|Any CPU
		{3EFE9284-D088-4A8C-8C06-935764A7D882}.Release|Any CPU.ActiveCfg = Release|Any CPU
		{3EFE9284-D088-4A8C-8C06-935764A7D882}.Release|Any CPU.Build.0 = Release|Any CPU
		{6DFE2B2B-CF63-4890-B280-BD71958E2CFD}.Debug|Any CPU.ActiveCfg = Debug|Any CPU
		{6DFE2B2B-CF63-4890-B280-BD71958E2CFD}.Debug|Any CPU.Build.0 = Debug|Any CPU
		{6DFE2B2B-CF63-4890-B280-BD71958E2CFD}.Release|Any CPU.ActiveCfg = Release|Any CPU
		{6DFE2B2B-CF63-4890-B280-BD71958E2CFD}.Release|Any CPU.Build.0 = Release|Any CPU
		{DE0C4BCC-2B4F-40E9-ABA1-DB4884E886F8}.Debug|Any CPU.ActiveCfg = Debug|Any CPU
		{DE0C4BCC-2B4F-40E9-ABA1-DB4884E886F8}.Debug|Any CPU.Build.0 = Debug|Any CPU
		{DE0C4BCC-2B4F-40E9-ABA1-DB4884E886F8}.Release|Any CPU.ActiveCfg = Release|Any CPU
		{DE0C4BCC-2B4F-40E9-ABA1-DB4884E886F8}.Release|Any CPU.Build.0 = Release|Any CPU
		{6D5595B6-97ED-4082-8668-48C82A7B2F10}.Debug|Any CPU.ActiveCfg = Debug|Any CPU
		{6D5595B6-97ED-4082-8668-48C82A7B2F10}.Debug|Any CPU.Build.0 = Debug|Any CPU
		{6D5595B6-97ED-4082-8668-48C82A7B2F10}.Release|Any CPU.ActiveCfg = Release|Any CPU
		{6D5595B6-97ED-4082-8668-48C82A7B2F10}.Release|Any CPU.Build.0 = Release|Any CPU
		{CB0B135D-D593-4CCF-B33D-55201CEF2AE1}.Debug|Any CPU.ActiveCfg = Debug|Any CPU
		{CB0B135D-D593-4CCF-B33D-55201CEF2AE1}.Debug|Any CPU.Build.0 = Debug|Any CPU
		{CB0B135D-D593-4CCF-B33D-55201CEF2AE1}.Release|Any CPU.ActiveCfg = Release|Any CPU
		{CB0B135D-D593-4CCF-B33D-55201CEF2AE1}.Release|Any CPU.Build.0 = Release|Any CPU
		{DC380C96-C8A9-4907-BEFA-25D9CC725CDD}.Debug|Any CPU.ActiveCfg = Debug|Any CPU
		{DC380C96-C8A9-4907-BEFA-25D9CC725CDD}.Debug|Any CPU.Build.0 = Debug|Any CPU
		{DC380C96-C8A9-4907-BEFA-25D9CC725CDD}.Release|Any CPU.ActiveCfg = Release|Any CPU
		{DC380C96-C8A9-4907-BEFA-25D9CC725CDD}.Release|Any CPU.Build.0 = Release|Any CPU
		{F1269F4C-E84D-4FE8-B843-A50CF9B14FFD}.Debug|Any CPU.ActiveCfg = Debug|Any CPU
		{F1269F4C-E84D-4FE8-B843-A50CF9B14FFD}.Debug|Any CPU.Build.0 = Debug|Any CPU
		{F1269F4C-E84D-4FE8-B843-A50CF9B14FFD}.Release|Any CPU.ActiveCfg = Release|Any CPU
		{F1269F4C-E84D-4FE8-B843-A50CF9B14FFD}.Release|Any CPU.Build.0 = Release|Any CPU
		{415935AC-00D9-45BE-9590-4931D4D048A5}.Debug|Any CPU.ActiveCfg = Debug|Any CPU
		{415935AC-00D9-45BE-9590-4931D4D048A5}.Debug|Any CPU.Build.0 = Debug|Any CPU
		{415935AC-00D9-45BE-9590-4931D4D048A5}.Release|Any CPU.ActiveCfg = Release|Any CPU
		{415935AC-00D9-45BE-9590-4931D4D048A5}.Release|Any CPU.Build.0 = Release|Any CPU
		{2E88100A-9EDB-4C3A-B0EB-B007B80558C2}.Debug|Any CPU.ActiveCfg = Debug|Any CPU
		{2E88100A-9EDB-4C3A-B0EB-B007B80558C2}.Debug|Any CPU.Build.0 = Debug|Any CPU
		{2E88100A-9EDB-4C3A-B0EB-B007B80558C2}.Release|Any CPU.ActiveCfg = Release|Any CPU
		{2E88100A-9EDB-4C3A-B0EB-B007B80558C2}.Release|Any CPU.Build.0 = Release|Any CPU
		{3ACF6C37-1052-42AA-A0B7-DE283D2A7D91}.Debug|Any CPU.ActiveCfg = Debug|Any CPU
		{3ACF6C37-1052-42AA-A0B7-DE283D2A7D91}.Debug|Any CPU.Build.0 = Debug|Any CPU
		{3ACF6C37-1052-42AA-A0B7-DE283D2A7D91}.Release|Any CPU.ActiveCfg = Release|Any CPU
		{3ACF6C37-1052-42AA-A0B7-DE283D2A7D91}.Release|Any CPU.Build.0 = Release|Any CPU
		{9D711209-F34A-47E3-BBB7-F6CCD233C8BF}.Debug|Any CPU.ActiveCfg = Debug|Any CPU
		{9D711209-F34A-47E3-BBB7-F6CCD233C8BF}.Debug|Any CPU.Build.0 = Debug|Any CPU
		{9D711209-F34A-47E3-BBB7-F6CCD233C8BF}.Release|Any CPU.ActiveCfg = Release|Any CPU
		{9D711209-F34A-47E3-BBB7-F6CCD233C8BF}.Release|Any CPU.Build.0 = Release|Any CPU
		{511F0A2B-BD6E-436A-92D2-D685C68390DD}.Debug|Any CPU.ActiveCfg = Debug|Any CPU
		{511F0A2B-BD6E-436A-92D2-D685C68390DD}.Debug|Any CPU.Build.0 = Debug|Any CPU
		{511F0A2B-BD6E-436A-92D2-D685C68390DD}.Release|Any CPU.ActiveCfg = Release|Any CPU
		{511F0A2B-BD6E-436A-92D2-D685C68390DD}.Release|Any CPU.Build.0 = Release|Any CPU
	EndGlobalSection
	GlobalSection(SolutionProperties) = preSolution
		HideSolutionNode = FALSE
	EndGlobalSection
	GlobalSection(NestedProjects) = preSolution
		{5861BCBC-4B5D-4C5A-AF83-EDC4D6557517} = {3DE5A140-606C-4FDF-BBD9-008E666498EE}
		{B630948D-9AEE-4A8B-9EFD-55B91E22108F} = {3DE5A140-606C-4FDF-BBD9-008E666498EE}
		{1EC9BF24-0FF3-4923-AC6B-764AD41EFF2F} = {3DE5A140-606C-4FDF-BBD9-008E666498EE}
		{3EFE9284-D088-4A8C-8C06-935764A7D882} = {3DE5A140-606C-4FDF-BBD9-008E666498EE}
		{6DFE2B2B-CF63-4890-B280-BD71958E2CFD} = {3DE5A140-606C-4FDF-BBD9-008E666498EE}
		{DE0C4BCC-2B4F-40E9-ABA1-DB4884E886F8} = {3DE5A140-606C-4FDF-BBD9-008E666498EE}
		{6D5595B6-97ED-4082-8668-48C82A7B2F10} = {3DE5A140-606C-4FDF-BBD9-008E666498EE}
		{CB0B135D-D593-4CCF-B33D-55201CEF2AE1} = {3DE5A140-606C-4FDF-BBD9-008E666498EE}
		{DC380C96-C8A9-4907-BEFA-25D9CC725CDD} = {3DE5A140-606C-4FDF-BBD9-008E666498EE}
		{F1269F4C-E84D-4FE8-B843-A50CF9B14FFD} = {3DE5A140-606C-4FDF-BBD9-008E666498EE}
		{415935AC-00D9-45BE-9590-4931D4D048A5} = {3DE5A140-606C-4FDF-BBD9-008E666498EE}
		{2E88100A-9EDB-4C3A-B0EB-B007B80558C2} = {3DE5A140-606C-4FDF-BBD9-008E666498EE}
		{3ACF6C37-1052-42AA-A0B7-DE283D2A7D91} = {3DE5A140-606C-4FDF-BBD9-008E666498EE}
		{9D711209-F34A-47E3-BBB7-F6CCD233C8BF} = {3DE5A140-606C-4FDF-BBD9-008E666498EE}
	EndGlobalSection
	GlobalSection(ExtensibilityGlobals) = postSolution
		SolutionGuid = {258B731E-CA3A-4381-B3BC-AFC55632A554}
	EndGlobalSection
EndGlobal
