
Microsoft Visual Studio Solution File, Format Version 12.00
# Visual Studio Version 17
VisualStudioVersion = 17.0.31903.59
MinimumVisualStudioVersion = 10.0.40219.1
Project("{2150E333-8FDC-42A3-9474-1A3956D46DE8}") = "Application", "Application", "{93756C41-946A-4B2A-947D-EF1CD0E8B565}"
EndProject
Project("{FAE04EC0-301F-11D3-BF4B-00C04F79EFBC}") = "Core", "Application\Core\Core.csproj", "{D0393078-68D5-4846-ACB0-55DFB1639AB1}"
EndProject
Project("{FAE04EC0-301F-11D3-BF4B-00C04F79EFBC}") = "Database", "Application\Database\Database.csproj", "{4014D2B9-F428-4EEC-9FF7-E6A1064BFD67}"
EndProject
Project("{FAE04EC0-301F-11D3-BF4B-00C04F79EFBC}") = "Database.Interfaces", "Application\Database.Interfaces\Database.Interfaces.csproj", "{512730A9-33AA-44EB-9061-3C8BB6D0ACC1}"
EndProject
Project("{FAE04EC0-301F-11D3-BF4B-00C04F79EFBC}") = "Exceptions", "Application\Exceptions\Exceptions.csproj", "{082A61F8-9280-4C1D-AB3C-13D7E5E663CA}"
EndProject
Project("{FAE04EC0-301F-11D3-BF4B-00C04F79EFBC}") = "Extensions", "Application\Extensions\Extensions.csproj", "{6DB7FBF1-5F83-4B19-9544-84FE89542A39}"
EndProject
Project("{FAE04EC0-301F-11D3-BF4B-00C04F79EFBC}") = "Library", "Application\Library\Library.csproj", "{53DC4F24-33A1-413E-92FF-F5635AFAD082}"
EndProject
Project("{FAE04EC0-301F-11D3-BF4B-00C04F79EFBC}") = "Services", "Application\Services\Services.csproj", "{7A14AE67-F1AF-42BD-9A5E-663AF5667F7D}"
EndProject
Project("{FAE04EC0-301F-11D3-BF4B-00C04F79EFBC}") = "Services.Interfaces", "Application\Services.Interfaces\Services.Interfaces.csproj", "{0FEF9BDC-7E2A-45A2-A751-C901A1B9C66D}"
EndProject
Project("{FAE04EC0-301F-11D3-BF4B-00C04F79EFBC}") = "Repositories", "Application\Repositories\Repositories.csproj", "{80FE0680-19FE-4C9B-B969-544AEF0C7D7B}"
EndProject
Project("{FAE04EC0-301F-11D3-BF4B-00C04F79EFBC}") = "Repositories.Interfaces", "Application\Repositories.Interfaces\Repositories.Interfaces.csproj", "{1C818115-1E7A-46F0-BEA8-1C3A5410C59A}"
EndProject
Project("{FAE04EC0-301F-11D3-BF4B-00C04F79EFBC}") = "Repositories.Rules", "Application\Repositories.Rules\Repositories.Rules.csproj", "{62261C54-12BB-47F3-AAE0-AE6DF41AE393}"
EndProject
Global
	GlobalSection(SolutionConfigurationPlatforms) = preSolution
		Debug|Any CPU = Debug|Any CPU
		Release|Any CPU = Release|Any CPU
	EndGlobalSection
	GlobalSection(SolutionProperties) = preSolution
		HideSolutionNode = FALSE
	EndGlobalSection
	GlobalSection(ProjectConfigurationPlatforms) = postSolution
		{D0393078-68D5-4846-ACB0-55DFB1639AB1}.Debug|Any CPU.ActiveCfg = Debug|Any CPU
		{D0393078-68D5-4846-ACB0-55DFB1639AB1}.Debug|Any CPU.Build.0 = Debug|Any CPU
		{D0393078-68D5-4846-ACB0-55DFB1639AB1}.Release|Any CPU.ActiveCfg = Release|Any CPU
		{D0393078-68D5-4846-ACB0-55DFB1639AB1}.Release|Any CPU.Build.0 = Release|Any CPU
		{4014D2B9-F428-4EEC-9FF7-E6A1064BFD67}.Debug|Any CPU.ActiveCfg = Debug|Any CPU
		{4014D2B9-F428-4EEC-9FF7-E6A1064BFD67}.Debug|Any CPU.Build.0 = Debug|Any CPU
		{4014D2B9-F428-4EEC-9FF7-E6A1064BFD67}.Release|Any CPU.ActiveCfg = Release|Any CPU
		{4014D2B9-F428-4EEC-9FF7-E6A1064BFD67}.Release|Any CPU.Build.0 = Release|Any CPU
		{512730A9-33AA-44EB-9061-3C8BB6D0ACC1}.Debug|Any CPU.ActiveCfg = Debug|Any CPU
		{512730A9-33AA-44EB-9061-3C8BB6D0ACC1}.Debug|Any CPU.Build.0 = Debug|Any CPU
		{512730A9-33AA-44EB-9061-3C8BB6D0ACC1}.Release|Any CPU.ActiveCfg = Release|Any CPU
		{512730A9-33AA-44EB-9061-3C8BB6D0ACC1}.Release|Any CPU.Build.0 = Release|Any CPU
		{082A61F8-9280-4C1D-AB3C-13D7E5E663CA}.Debug|Any CPU.ActiveCfg = Debug|Any CPU
		{082A61F8-9280-4C1D-AB3C-13D7E5E663CA}.Debug|Any CPU.Build.0 = Debug|Any CPU
		{082A61F8-9280-4C1D-AB3C-13D7E5E663CA}.Release|Any CPU.ActiveCfg = Release|Any CPU
		{082A61F8-9280-4C1D-AB3C-13D7E5E663CA}.Release|Any CPU.Build.0 = Release|Any CPU
		{6DB7FBF1-5F83-4B19-9544-84FE89542A39}.Debug|Any CPU.ActiveCfg = Debug|Any CPU
		{6DB7FBF1-5F83-4B19-9544-84FE89542A39}.Debug|Any CPU.Build.0 = Debug|Any CPU
		{6DB7FBF1-5F83-4B19-9544-84FE89542A39}.Release|Any CPU.ActiveCfg = Release|Any CPU
		{6DB7FBF1-5F83-4B19-9544-84FE89542A39}.Release|Any CPU.Build.0 = Release|Any CPU
		{53DC4F24-33A1-413E-92FF-F5635AFAD082}.Debug|Any CPU.ActiveCfg = Debug|Any CPU
		{53DC4F24-33A1-413E-92FF-F5635AFAD082}.Debug|Any CPU.Build.0 = Debug|Any CPU
		{53DC4F24-33A1-413E-92FF-F5635AFAD082}.Release|Any CPU.ActiveCfg = Release|Any CPU
		{53DC4F24-33A1-413E-92FF-F5635AFAD082}.Release|Any CPU.Build.0 = Release|Any CPU
		{7A14AE67-F1AF-42BD-9A5E-663AF5667F7D}.Debug|Any CPU.ActiveCfg = Debug|Any CPU
		{7A14AE67-F1AF-42BD-9A5E-663AF5667F7D}.Debug|Any CPU.Build.0 = Debug|Any CPU
		{7A14AE67-F1AF-42BD-9A5E-663AF5667F7D}.Release|Any CPU.ActiveCfg = Release|Any CPU
		{7A14AE67-F1AF-42BD-9A5E-663AF5667F7D}.Release|Any CPU.Build.0 = Release|Any CPU
		{0FEF9BDC-7E2A-45A2-A751-C901A1B9C66D}.Debug|Any CPU.ActiveCfg = Debug|Any CPU
		{0FEF9BDC-7E2A-45A2-A751-C901A1B9C66D}.Debug|Any CPU.Build.0 = Debug|Any CPU
		{0FEF9BDC-7E2A-45A2-A751-C901A1B9C66D}.Release|Any CPU.ActiveCfg = Release|Any CPU
		{0FEF9BDC-7E2A-45A2-A751-C901A1B9C66D}.Release|Any CPU.Build.0 = Release|Any CPU
		{80FE0680-19FE-4C9B-B969-544AEF0C7D7B}.Debug|Any CPU.ActiveCfg = Debug|Any CPU
		{80FE0680-19FE-4C9B-B969-544AEF0C7D7B}.Debug|Any CPU.Build.0 = Debug|Any CPU
		{80FE0680-19FE-4C9B-B969-544AEF0C7D7B}.Release|Any CPU.ActiveCfg = Release|Any CPU
		{80FE0680-19FE-4C9B-B969-544AEF0C7D7B}.Release|Any CPU.Build.0 = Release|Any CPU
		{1C818115-1E7A-46F0-BEA8-1C3A5410C59A}.Debug|Any CPU.ActiveCfg = Debug|Any CPU
		{1C818115-1E7A-46F0-BEA8-1C3A5410C59A}.Debug|Any CPU.Build.0 = Debug|Any CPU
		{1C818115-1E7A-46F0-BEA8-1C3A5410C59A}.Release|Any CPU.ActiveCfg = Release|Any CPU
		{1C818115-1E7A-46F0-BEA8-1C3A5410C59A}.Release|Any CPU.Build.0 = Release|Any CPU
		{62261C54-12BB-47F3-AAE0-AE6DF41AE393}.Debug|Any CPU.ActiveCfg = Debug|Any CPU
		{62261C54-12BB-47F3-AAE0-AE6DF41AE393}.Debug|Any CPU.Build.0 = Debug|Any CPU
		{62261C54-12BB-47F3-AAE0-AE6DF41AE393}.Release|Any CPU.ActiveCfg = Release|Any CPU
		{62261C54-12BB-47F3-AAE0-AE6DF41AE393}.Release|Any CPU.Build.0 = Release|Any CPU
	EndGlobalSection
	GlobalSection(NestedProjects) = preSolution
		{D0393078-68D5-4846-ACB0-55DFB1639AB1} = {93756C41-946A-4B2A-947D-EF1CD0E8B565}
		{4014D2B9-F428-4EEC-9FF7-E6A1064BFD67} = {93756C41-946A-4B2A-947D-EF1CD0E8B565}
		{512730A9-33AA-44EB-9061-3C8BB6D0ACC1} = {93756C41-946A-4B2A-947D-EF1CD0E8B565}
		{082A61F8-9280-4C1D-AB3C-13D7E5E663CA} = {93756C41-946A-4B2A-947D-EF1CD0E8B565}
		{6DB7FBF1-5F83-4B19-9544-84FE89542A39} = {93756C41-946A-4B2A-947D-EF1CD0E8B565}
		{53DC4F24-33A1-413E-92FF-F5635AFAD082} = {93756C41-946A-4B2A-947D-EF1CD0E8B565}
		{7A14AE67-F1AF-42BD-9A5E-663AF5667F7D} = {93756C41-946A-4B2A-947D-EF1CD0E8B565}
		{0FEF9BDC-7E2A-45A2-A751-C901A1B9C66D} = {93756C41-946A-4B2A-947D-EF1CD0E8B565}
		{80FE0680-19FE-4C9B-B969-544AEF0C7D7B} = {93756C41-946A-4B2A-947D-EF1CD0E8B565}
		{1C818115-1E7A-46F0-BEA8-1C3A5410C59A} = {93756C41-946A-4B2A-947D-EF1CD0E8B565}
		{62261C54-12BB-47F3-AAE0-AE6DF41AE393} = {93756C41-946A-4B2A-947D-EF1CD0E8B565}
	EndGlobalSection
EndGlobal
